
Microsoft Visual Studio Solution File, Format Version 12.00
# Visual Studio Version 16
VisualStudioVersion = 16.0.32407.337
MinimumVisualStudioVersion = 10.0.40219.1
Project("{FAE04EC0-301F-11D3-BF4B-00C04F79EFBC}") = "SZTF1_feleveshazi", "SZTF1_feleveshazi\SZTF1_feleveshazi.csproj", "{05CDBB3E-0ED8-48AD-85C3-87B3684510CB}"
EndProject
Global
	GlobalSection(SolutionConfigurationPlatforms) = preSolution
		Debug|Any CPU = Debug|Any CPU
		Release|Any CPU = Release|Any CPU
	EndGlobalSection
	GlobalSection(ProjectConfigurationPlatforms) = postSolution
		{05CDBB3E-0ED8-48AD-85C3-87B3684510CB}.Debug|Any CPU.ActiveCfg = Debug|Any CPU
		{05CDBB3E-0ED8-48AD-85C3-87B3684510CB}.Debug|Any CPU.Build.0 = Debug|Any CPU
		{05CDBB3E-0ED8-48AD-85C3-87B3684510CB}.Release|Any CPU.ActiveCfg = Release|Any CPU
		{05CDBB3E-0ED8-48AD-85C3-87B3684510CB}.Release|Any CPU.Build.0 = Release|Any CPU
	EndGlobalSection
	GlobalSection(SolutionProperties) = preSolution
		HideSolutionNode = FALSE
	EndGlobalSection
	GlobalSection(ExtensibilityGlobals) = postSolution
		SolutionGuid = {4F38C5D9-F50D-4E06-B8E3-7EEB70AEFD32}
	EndGlobalSection
EndGlobal
